
Microsoft Visual Studio Solution File, Format Version 12.00
# Visual Studio 15
Project("{FAE04EC0-301F-11D3-BF4B-00C04F79EFBC}") = "Assembly-CSharp", "Assembly-CSharp.csproj", "{D8C15F54-FB1E-4FD3-2FF6-6EFA1E449A01}"
EndProject
Project("{FAE04EC0-301F-11D3-BF4B-00C04F79EFBC}") = "Assembly-CSharp-Editor", "Assembly-CSharp-Editor.csproj", "{82922728-A918-925E-EED7-31A9DA5D6BB3}"
EndProject
Global
	GlobalSection(SolutionConfigurationPlatforms) = preSolution
		Debug|Any CPU = Debug|Any CPU
		Release|Any CPU = Release|Any CPU
	EndGlobalSection
	GlobalSection(ProjectConfigurationPlatforms) = postSolution
		{D8C15F54-FB1E-4FD3-2FF6-6EFA1E449A01}.Debug|Any CPU.ActiveCfg = Debug|Any CPU
		{D8C15F54-FB1E-4FD3-2FF6-6EFA1E449A01}.Debug|Any CPU.Build.0 = Debug|Any CPU
		{D8C15F54-FB1E-4FD3-2FF6-6EFA1E449A01}.Release|Any CPU.ActiveCfg = Release|Any CPU
		{D8C15F54-FB1E-4FD3-2FF6-6EFA1E449A01}.Release|Any CPU.Build.0 = Release|Any CPU
		{82922728-A918-925E-EED7-31A9DA5D6BB3}.Debug|Any CPU.ActiveCfg = Debug|Any CPU
		{82922728-A918-925E-EED7-31A9DA5D6BB3}.Debug|Any CPU.Build.0 = Debug|Any CPU
		{82922728-A918-925E-EED7-31A9DA5D6BB3}.Release|Any CPU.ActiveCfg = Release|Any CPU
		{82922728-A918-925E-EED7-31A9DA5D6BB3}.Release|Any CPU.Build.0 = Release|Any CPU
	EndGlobalSection
	GlobalSection(SolutionProperties) = preSolution
		HideSolutionNode = FALSE
	EndGlobalSection
	GlobalSection(MonoDevelopProperties) = preSolution
		StartupItem = Assembly-CSharp.csproj
	EndGlobalSection
EndGlobal
